// !$*UTF8*$!
{
	archiveVersion = 1;
	classes = {
	};
	objectVersion = 56;
	objects = {

/* Begin PBXBuildFile section */
		BD3C619F2C7EC26ADDF78EBC /* Pods_TwitterClone.framework in Frameworks */ = {isa = PBXBuildFile; fileRef = ABE8A8641A723EDDC8FC9293 /* Pods_TwitterClone.framework */; };
		C1FC06782B546F7C004DD3CC /* AppDelegate.swift in Sources */ = {isa = PBXBuildFile; fileRef = C1FC06772B546F7C004DD3CC /* AppDelegate.swift */; };
		C1FC067A2B546F7C004DD3CC /* SceneDelegate.swift in Sources */ = {isa = PBXBuildFile; fileRef = C1FC06792B546F7C004DD3CC /* SceneDelegate.swift */; };
		C1FC06812B546F7D004DD3CC /* Assets.xcassets in Resources */ = {isa = PBXBuildFile; fileRef = C1FC06802B546F7D004DD3CC /* Assets.xcassets */; };
		C1FC06842B546F7D004DD3CC /* LaunchScreen.storyboard in Resources */ = {isa = PBXBuildFile; fileRef = C1FC06822B546F7D004DD3CC /* LaunchScreen.storyboard */; };
		C1FC06922B54711B004DD3CC /* MainTabController.swift in Sources */ = {isa = PBXBuildFile; fileRef = C1FC06912B54711B004DD3CC /* MainTabController.swift */; };
		C1FC06942B547254004DD3CC /* FeedController.swift in Sources */ = {isa = PBXBuildFile; fileRef = C1FC06932B547254004DD3CC /* FeedController.swift */; };
		C1FC06962B54729F004DD3CC /* ExploreController.swift in Sources */ = {isa = PBXBuildFile; fileRef = C1FC06952B54729F004DD3CC /* ExploreController.swift */; };
		C1FC06982B5472AD004DD3CC /* NotificationsController.swift in Sources */ = {isa = PBXBuildFile; fileRef = C1FC06972B5472AD004DD3CC /* NotificationsController.swift */; };
		C1FC069A2B5472B4004DD3CC /* ConversationsController.swift in Sources */ = {isa = PBXBuildFile; fileRef = C1FC06992B5472B4004DD3CC /* ConversationsController.swift */; };
		C1FC069C2B547C16004DD3CC /* Extensions.swift in Sources */ = {isa = PBXBuildFile; fileRef = C1FC069B2B547C16004DD3CC /* Extensions.swift */; };
		C1FC069F2B5480D2004DD3CC /* LoginController.swift in Sources */ = {isa = PBXBuildFile; fileRef = C1FC069E2B5480D2004DD3CC /* LoginController.swift */; };
		C1FC06A12B5481E9004DD3CC /* RegistrationController.swift in Sources */ = {isa = PBXBuildFile; fileRef = C1FC06A02B5481E9004DD3CC /* RegistrationController.swift */; };
		C1FC06A32B548803004DD3CC /* Utilities.swift in Sources */ = {isa = PBXBuildFile; fileRef = C1FC06A22B548803004DD3CC /* Utilities.swift */; };
		C1FC06A52B583830004DD3CC /* GoogleService-Info.plist in Resources */ = {isa = PBXBuildFile; fileRef = C1FC06A42B583830004DD3CC /* GoogleService-Info.plist */; };
/* End PBXBuildFile section */

/* Begin PBXFileReference section */
		ABE8A8641A723EDDC8FC9293 /* Pods_TwitterClone.framework */ = {isa = PBXFileReference; explicitFileType = wrapper.framework; includeInIndex = 0; path = Pods_TwitterClone.framework; sourceTree = BUILT_PRODUCTS_DIR; };
		C1FC06742B546F7C004DD3CC /* TwitterClone.app */ = {isa = PBXFileReference; explicitFileType = wrapper.application; includeInIndex = 0; path = TwitterClone.app; sourceTree = BUILT_PRODUCTS_DIR; };
		C1FC06772B546F7C004DD3CC /* AppDelegate.swift */ = {isa = PBXFileReference; lastKnownFileType = sourcecode.swift; path = AppDelegate.swift; sourceTree = "<group>"; };
		C1FC06792B546F7C004DD3CC /* SceneDelegate.swift */ = {isa = PBXFileReference; lastKnownFileType = sourcecode.swift; path = SceneDelegate.swift; sourceTree = "<group>"; };
		C1FC06802B546F7D004DD3CC /* Assets.xcassets */ = {isa = PBXFileReference; lastKnownFileType = folder.assetcatalog; path = Assets.xcassets; sourceTree = "<group>"; };
		C1FC06832B546F7D004DD3CC /* Base */ = {isa = PBXFileReference; lastKnownFileType = file.storyboard; name = Base; path = Base.lproj/LaunchScreen.storyboard; sourceTree = "<group>"; };
		C1FC06852B546F7D004DD3CC /* Info.plist */ = {isa = PBXFileReference; lastKnownFileType = text.plist.xml; path = Info.plist; sourceTree = "<group>"; };
		C1FC06912B54711B004DD3CC /* MainTabController.swift */ = {isa = PBXFileReference; lastKnownFileType = sourcecode.swift; path = MainTabController.swift; sourceTree = "<group>"; };
		C1FC06932B547254004DD3CC /* FeedController.swift */ = {isa = PBXFileReference; lastKnownFileType = sourcecode.swift; path = FeedController.swift; sourceTree = "<group>"; };
		C1FC06952B54729F004DD3CC /* ExploreController.swift */ = {isa = PBXFileReference; lastKnownFileType = sourcecode.swift; path = ExploreController.swift; sourceTree = "<group>"; };
		C1FC06972B5472AD004DD3CC /* NotificationsController.swift */ = {isa = PBXFileReference; lastKnownFileType = sourcecode.swift; path = NotificationsController.swift; sourceTree = "<group>"; };
		C1FC06992B5472B4004DD3CC /* ConversationsController.swift */ = {isa = PBXFileReference; lastKnownFileType = sourcecode.swift; path = ConversationsController.swift; sourceTree = "<group>"; };
		C1FC069B2B547C16004DD3CC /* Extensions.swift */ = {isa = PBXFileReference; lastKnownFileType = sourcecode.swift; path = Extensions.swift; sourceTree = "<group>"; };
		C1FC069E2B5480D2004DD3CC /* LoginController.swift */ = {isa = PBXFileReference; lastKnownFileType = sourcecode.swift; path = LoginController.swift; sourceTree = "<group>"; };
		C1FC06A02B5481E9004DD3CC /* RegistrationController.swift */ = {isa = PBXFileReference; lastKnownFileType = sourcecode.swift; path = RegistrationController.swift; sourceTree = "<group>"; };
		C1FC06A22B548803004DD3CC /* Utilities.swift */ = {isa = PBXFileReference; lastKnownFileType = sourcecode.swift; path = Utilities.swift; sourceTree = "<group>"; };
		C1FC06A42B583830004DD3CC /* GoogleService-Info.plist */ = {isa = PBXFileReference; fileEncoding = 4; lastKnownFileType = text.plist.xml; path = "GoogleService-Info.plist"; sourceTree = "<group>"; };
		CDF30697573FDE4936A85835 /* Pods-TwitterClone.debug.xcconfig */ = {isa = PBXFileReference; includeInIndex = 1; lastKnownFileType = text.xcconfig; name = "Pods-TwitterClone.debug.xcconfig"; path = "Target Support Files/Pods-TwitterClone/Pods-TwitterClone.debug.xcconfig"; sourceTree = "<group>"; };
		FB2CF4C88CF8E85AC9C383C8 /* Pods-TwitterClone.release.xcconfig */ = {isa = PBXFileReference; includeInIndex = 1; lastKnownFileType = text.xcconfig; name = "Pods-TwitterClone.release.xcconfig"; path = "Target Support Files/Pods-TwitterClone/Pods-TwitterClone.release.xcconfig"; sourceTree = "<group>"; };
/* End PBXFileReference section */

/* Begin PBXFrameworksBuildPhase section */
		C1FC06712B546F7C004DD3CC /* Frameworks */ = {
			isa = PBXFrameworksBuildPhase;
			buildActionMask = 2147483647;
			files = (
				BD3C619F2C7EC26ADDF78EBC /* Pods_TwitterClone.framework in Frameworks */,
			);
			runOnlyForDeploymentPostprocessing = 0;
		};
/* End PBXFrameworksBuildPhase section */

/* Begin PBXGroup section */
		0C4A233C5104EA1303D29293 /* Frameworks */ = {
			isa = PBXGroup;
			children = (
				ABE8A8641A723EDDC8FC9293 /* Pods_TwitterClone.framework */,
			);
			name = Frameworks;
			sourceTree = "<group>";
		};
		C0377EDB90AEEDCB28F4E815 /* Pods */ = {
			isa = PBXGroup;
			children = (
				CDF30697573FDE4936A85835 /* Pods-TwitterClone.debug.xcconfig */,
				FB2CF4C88CF8E85AC9C383C8 /* Pods-TwitterClone.release.xcconfig */,
			);
			path = Pods;
			sourceTree = "<group>";
		};
		C1FC066B2B546F7C004DD3CC = {
			isa = PBXGroup;
			children = (
				C1FC06762B546F7C004DD3CC /* TwitterClone */,
				C1FC06752B546F7C004DD3CC /* Products */,
				C0377EDB90AEEDCB28F4E815 /* Pods */,
				0C4A233C5104EA1303D29293 /* Frameworks */,
			);
			sourceTree = "<group>";
		};
		C1FC06752B546F7C004DD3CC /* Products */ = {
			isa = PBXGroup;
			children = (
				C1FC06742B546F7C004DD3CC /* TwitterClone.app */,
			);
			name = Products;
			sourceTree = "<group>";
		};
		C1FC06762B546F7C004DD3CC /* TwitterClone */ = {
			isa = PBXGroup;
			children = (
				C1FC06902B547025004DD3CC /* Model */,
				C1FC068F2B547023004DD3CC /* View */,
				C1FC068E2B547023004DD3CC /* ViewModels */,
				C1FC068D2B547021004DD3CC /* Controller */,
				C1FC068C2B547020004DD3CC /* API */,
				C1FC068B2B54700E004DD3CC /* Utils */,
				C1FC06772B546F7C004DD3CC /* AppDelegate.swift */,
				C1FC06792B546F7C004DD3CC /* SceneDelegate.swift */,
				C1FC06802B546F7D004DD3CC /* Assets.xcassets */,
				C1FC06822B546F7D004DD3CC /* LaunchScreen.storyboard */,
				C1FC06A42B583830004DD3CC /* GoogleService-Info.plist */,
				C1FC06852B546F7D004DD3CC /* Info.plist */,
			);
			path = TwitterClone;
			sourceTree = "<group>";
		};
		C1FC068B2B54700E004DD3CC /* Utils */ = {
			isa = PBXGroup;
			children = (
				C1FC069B2B547C16004DD3CC /* Extensions.swift */,
				C1FC06A22B548803004DD3CC /* Utilities.swift */,
			);
			path = Utils;
			sourceTree = "<group>";
		};
		C1FC068C2B547020004DD3CC /* API */ = {
			isa = PBXGroup;
			children = (
			);
			path = API;
			sourceTree = "<group>";
		};
		C1FC068D2B547021004DD3CC /* Controller */ = {
			isa = PBXGroup;
			children = (
				C1FC069D2B5480C5004DD3CC /* Authentication */,
				C1FC06932B547254004DD3CC /* FeedController.swift */,
				C1FC06912B54711B004DD3CC /* MainTabController.swift */,
				C1FC06952B54729F004DD3CC /* ExploreController.swift */,
				C1FC06972B5472AD004DD3CC /* NotificationsController.swift */,
				C1FC06992B5472B4004DD3CC /* ConversationsController.swift */,
			);
			path = Controller;
			sourceTree = "<group>";
		};
		C1FC068E2B547023004DD3CC /* ViewModels */ = {
			isa = PBXGroup;
			children = (
			);
			path = ViewModels;
			sourceTree = "<group>";
		};
		C1FC068F2B547023004DD3CC /* View */ = {
			isa = PBXGroup;
			children = (
			);
			path = View;
			sourceTree = "<group>";
		};
		C1FC06902B547025004DD3CC /* Model */ = {
			isa = PBXGroup;
			children = (
			);
			path = Model;
			sourceTree = "<group>";
		};
		C1FC069D2B5480C5004DD3CC /* Authentication */ = {
			isa = PBXGroup;
			children = (
				C1FC069E2B5480D2004DD3CC /* LoginController.swift */,
				C1FC06A02B5481E9004DD3CC /* RegistrationController.swift */,
			);
			path = Authentication;
			sourceTree = "<group>";
		};
/* End PBXGroup section */

/* Begin PBXNativeTarget section */
		C1FC06732B546F7C004DD3CC /* TwitterClone */ = {
			isa = PBXNativeTarget;
			buildConfigurationList = C1FC06882B546F7D004DD3CC /* Build configuration list for PBXNativeTarget "TwitterClone" */;
			buildPhases = (
				B464916A1FECD7EB477FB87E /* [CP] Check Pods Manifest.lock */,
				C1FC06702B546F7C004DD3CC /* Sources */,
				C1FC06712B546F7C004DD3CC /* Frameworks */,
				C1FC06722B546F7C004DD3CC /* Resources */,
				AEE084520D53AFF0089DE2A2 /* [CP] Embed Pods Frameworks */,
			);
			buildRules = (
			);
			dependencies = (
			);
			name = TwitterClone;
			productName = TwitterClone;
			productReference = C1FC06742B546F7C004DD3CC /* TwitterClone.app */;
			productType = "com.apple.product-type.application";
		};
/* End PBXNativeTarget section */

/* Begin PBXProject section */
		C1FC066C2B546F7C004DD3CC /* Project object */ = {
			isa = PBXProject;
			attributes = {
				BuildIndependentTargetsInParallel = 1;
				LastSwiftUpdateCheck = 1500;
				LastUpgradeCheck = 1500;
				TargetAttributes = {
					C1FC06732B546F7C004DD3CC = {
						CreatedOnToolsVersion = 15.0.1;
					};
				};
			};
			buildConfigurationList = C1FC066F2B546F7C004DD3CC /* Build configuration list for PBXProject "TwitterClone" */;
			compatibilityVersion = "Xcode 14.0";
			developmentRegion = en;
			hasScannedForEncodings = 0;
			knownRegions = (
				en,
				Base,
			);
			mainGroup = C1FC066B2B546F7C004DD3CC;
			productRefGroup = C1FC06752B546F7C004DD3CC /* Products */;
			projectDirPath = "";
			projectRoot = "";
			targets = (
				C1FC06732B546F7C004DD3CC /* TwitterClone */,
			);
		};
/* End PBXProject section */

/* Begin PBXResourcesBuildPhase section */
		C1FC06722B546F7C004DD3CC /* Resources */ = {
			isa = PBXResourcesBuildPhase;
			buildActionMask = 2147483647;
			files = (
				C1FC06842B546F7D004DD3CC /* LaunchScreen.storyboard in Resources */,
				C1FC06812B546F7D004DD3CC /* Assets.xcassets in Resources */,
				C1FC06A52B583830004DD3CC /* GoogleService-Info.plist in Resources */,
			);
			runOnlyForDeploymentPostprocessing = 0;
		};
/* End PBXResourcesBuildPhase section */

/* Begin PBXShellScriptBuildPhase section */
		AEE084520D53AFF0089DE2A2 /* [CP] Embed Pods Frameworks */ = {
			isa = PBXShellScriptBuildPhase;
			buildActionMask = 2147483647;
			files = (
			);
			inputFileListPaths = (
				"${PODS_ROOT}/Target Support Files/Pods-TwitterClone/Pods-TwitterClone-frameworks-${CONFIGURATION}-input-files.xcfilelist",
			);
			name = "[CP] Embed Pods Frameworks";
			outputFileListPaths = (
				"${PODS_ROOT}/Target Support Files/Pods-TwitterClone/Pods-TwitterClone-frameworks-${CONFIGURATION}-output-files.xcfilelist",
			);
			runOnlyForDeploymentPostprocessing = 0;
			shellPath = /bin/sh;
			shellScript = "\"${PODS_ROOT}/Target Support Files/Pods-TwitterClone/Pods-TwitterClone-frameworks.sh\"\n";
			showEnvVarsInLog = 0;
		};
		B464916A1FECD7EB477FB87E /* [CP] Check Pods Manifest.lock */ = {
			isa = PBXShellScriptBuildPhase;
			buildActionMask = 2147483647;
			files = (
			);
			inputFileListPaths = (
			);
			inputPaths = (
				"${PODS_PODFILE_DIR_PATH}/Podfile.lock",
				"${PODS_ROOT}/Manifest.lock",
			);
			name = "[CP] Check Pods Manifest.lock";
			outputFileListPaths = (
			);
			outputPaths = (
				"$(DERIVED_FILE_DIR)/Pods-TwitterClone-checkManifestLockResult.txt",
			);
			runOnlyForDeploymentPostprocessing = 0;
			shellPath = /bin/sh;
			shellScript = "diff \"${PODS_PODFILE_DIR_PATH}/Podfile.lock\" \"${PODS_ROOT}/Manifest.lock\" > /dev/null\nif [ $? != 0 ] ; then\n    # print error to STDERR\n    echo \"error: The sandbox is not in sync with the Podfile.lock. Run 'pod install' or update your CocoaPods installation.\" >&2\n    exit 1\nfi\n# This output is used by Xcode 'outputs' to avoid re-running this script phase.\necho \"SUCCESS\" > \"${SCRIPT_OUTPUT_FILE_0}\"\n";
			showEnvVarsInLog = 0;
		};
/* End PBXShellScriptBuildPhase section */

/* Begin PBXSourcesBuildPhase section */
		C1FC06702B546F7C004DD3CC /* Sources */ = {
			isa = PBXSourcesBuildPhase;
			buildActionMask = 2147483647;
			files = (
				C1FC06982B5472AD004DD3CC /* NotificationsController.swift in Sources */,
				C1FC069A2B5472B4004DD3CC /* ConversationsController.swift in Sources */,
				C1FC06A32B548803004DD3CC /* Utilities.swift in Sources */,
				C1FC06782B546F7C004DD3CC /* AppDelegate.swift in Sources */,
				C1FC06A12B5481E9004DD3CC /* RegistrationController.swift in Sources */,
				C1FC069C2B547C16004DD3CC /* Extensions.swift in Sources */,
				C1FC069F2B5480D2004DD3CC /* LoginController.swift in Sources */,
				C1FC06962B54729F004DD3CC /* ExploreController.swift in Sources */,
				C1FC06922B54711B004DD3CC /* MainTabController.swift in Sources */,
				C1FC067A2B546F7C004DD3CC /* SceneDelegate.swift in Sources */,
				C1FC06942B547254004DD3CC /* FeedController.swift in Sources */,
			);
			runOnlyForDeploymentPostprocessing = 0;
		};
/* End PBXSourcesBuildPhase section */

/* Begin PBXVariantGroup section */
		C1FC06822B546F7D004DD3CC /* LaunchScreen.storyboard */ = {
			isa = PBXVariantGroup;
			children = (
				C1FC06832B546F7D004DD3CC /* Base */,
			);
			name = LaunchScreen.storyboard;
			sourceTree = "<group>";
		};
/* End PBXVariantGroup section */

/* Begin XCBuildConfiguration section */
		C1FC06862B546F7D004DD3CC /* Debug */ = {
			isa = XCBuildConfiguration;
			buildSettings = {
				ALWAYS_SEARCH_USER_PATHS = NO;
				ASSETCATALOG_COMPILER_GENERATE_SWIFT_ASSET_SYMBOL_EXTENSIONS = YES;
				CLANG_ANALYZER_NONNULL = YES;
				CLANG_ANALYZER_NUMBER_OBJECT_CONVERSION = YES_AGGRESSIVE;
				CLANG_CXX_LANGUAGE_STANDARD = "gnu++20";
				CLANG_ENABLE_MODULES = YES;
				CLANG_ENABLE_OBJC_ARC = YES;
				CLANG_ENABLE_OBJC_WEAK = YES;
				CLANG_WARN_BLOCK_CAPTURE_AUTORELEASING = YES;
				CLANG_WARN_BOOL_CONVERSION = YES;
				CLANG_WARN_COMMA = YES;
				CLANG_WARN_CONSTANT_CONVERSION = YES;
				CLANG_WARN_DEPRECATED_OBJC_IMPLEMENTATIONS = YES;
				CLANG_WARN_DIRECT_OBJC_ISA_USAGE = YES_ERROR;
				CLANG_WARN_DOCUMENTATION_COMMENTS = YES;
				CLANG_WARN_EMPTY_BODY = YES;
				CLANG_WARN_ENUM_CONVERSION = YES;
				CLANG_WARN_INFINITE_RECURSION = YES;
				CLANG_WARN_INT_CONVERSION = YES;
				CLANG_WARN_NON_LITERAL_NULL_CONVERSION = YES;
				CLANG_WARN_OBJC_IMPLICIT_RETAIN_SELF = YES;
				CLANG_WARN_OBJC_LITERAL_CONVERSION = YES;
				CLANG_WARN_OBJC_ROOT_CLASS = YES_ERROR;
				CLANG_WARN_QUOTED_INCLUDE_IN_FRAMEWORK_HEADER = YES;
				CLANG_WARN_RANGE_LOOP_ANALYSIS = YES;
				CLANG_WARN_STRICT_PROTOTYPES = YES;
				CLANG_WARN_SUSPICIOUS_MOVE = YES;
				CLANG_WARN_UNGUARDED_AVAILABILITY = YES_AGGRESSIVE;
				CLANG_WARN_UNREACHABLE_CODE = YES;
				CLANG_WARN__DUPLICATE_METHOD_MATCH = YES;
				COPY_PHASE_STRIP = NO;
				DEBUG_INFORMATION_FORMAT = dwarf;
				ENABLE_STRICT_OBJC_MSGSEND = YES;
				ENABLE_TESTABILITY = YES;
				ENABLE_USER_SCRIPT_SANDBOXING = YES;
				GCC_C_LANGUAGE_STANDARD = gnu17;
				GCC_DYNAMIC_NO_PIC = NO;
				GCC_NO_COMMON_BLOCKS = YES;
				GCC_OPTIMIZATION_LEVEL = 0;
				GCC_PREPROCESSOR_DEFINITIONS = (
					"DEBUG=1",
					"$(inherited)",
				);
				GCC_WARN_64_TO_32_BIT_CONVERSION = YES;
				GCC_WARN_ABOUT_RETURN_TYPE = YES_ERROR;
				GCC_WARN_UNDECLARED_SELECTOR = YES;
				GCC_WARN_UNINITIALIZED_AUTOS = YES_AGGRESSIVE;
				GCC_WARN_UNUSED_FUNCTION = YES;
				GCC_WARN_UNUSED_VARIABLE = YES;
				IPHONEOS_DEPLOYMENT_TARGET = 17.0;
				LOCALIZATION_PREFERS_STRING_CATALOGS = YES;
				MTL_ENABLE_DEBUG_INFO = INCLUDE_SOURCE;
				MTL_FAST_MATH = YES;
				ONLY_ACTIVE_ARCH = YES;
				SDKROOT = iphoneos;
				SWIFT_ACTIVE_COMPILATION_CONDITIONS = "DEBUG $(inherited)";
				SWIFT_OPTIMIZATION_LEVEL = "-Onone";
			};
			name = Debug;
		};
		C1FC06872B546F7D004DD3CC /* Release */ = {
			isa = XCBuildConfiguration;
			buildSettings = {
				ALWAYS_SEARCH_USER_PATHS = NO;
				ASSETCATALOG_COMPILER_GENERATE_SWIFT_ASSET_SYMBOL_EXTENSIONS = YES;
				CLANG_ANALYZER_NONNULL = YES;
				CLANG_ANALYZER_NUMBER_OBJECT_CONVERSION = YES_AGGRESSIVE;
				CLANG_CXX_LANGUAGE_STANDARD = "gnu++20";
				CLANG_ENABLE_MODULES = YES;
				CLANG_ENABLE_OBJC_ARC = YES;
				CLANG_ENABLE_OBJC_WEAK = YES;
				CLANG_WARN_BLOCK_CAPTURE_AUTORELEASING = YES;
				CLANG_WARN_BOOL_CONVERSION = YES;
				CLANG_WARN_COMMA = YES;
				CLANG_WARN_CONSTANT_CONVERSION = YES;
				CLANG_WARN_DEPRECATED_OBJC_IMPLEMENTATIONS = YES;
				CLANG_WARN_DIRECT_OBJC_ISA_USAGE = YES_ERROR;
				CLANG_WARN_DOCUMENTATION_COMMENTS = YES;
				CLANG_WARN_EMPTY_BODY = YES;
				CLANG_WARN_ENUM_CONVERSION = YES;
				CLANG_WARN_INFINITE_RECURSION = YES;
				CLANG_WARN_INT_CONVERSION = YES;
				CLANG_WARN_NON_LITERAL_NULL_CONVERSION = YES;
				CLANG_WARN_OBJC_IMPLICIT_RETAIN_SELF = YES;
				CLANG_WARN_OBJC_LITERAL_CONVERSION = YES;
				CLANG_WARN_OBJC_ROOT_CLASS = YES_ERROR;
				CLANG_WARN_QUOTED_INCLUDE_IN_FRAMEWORK_HEADER = YES;
				CLANG_WARN_RANGE_LOOP_ANALYSIS = YES;
				CLANG_WARN_STRICT_PROTOTYPES = YES;
				CLANG_WARN_SUSPICIOUS_MOVE = YES;
				CLANG_WARN_UNGUARDED_AVAILABILITY = YES_AGGRESSIVE;
				CLANG_WARN_UNREACHABLE_CODE = YES;
				CLANG_WARN__DUPLICATE_METHOD_MATCH = YES;
				COPY_PHASE_STRIP = NO;
				DEBUG_INFORMATION_FORMAT = "dwarf-with-dsym";
				ENABLE_NS_ASSERTIONS = NO;
				ENABLE_STRICT_OBJC_MSGSEND = YES;
				ENABLE_USER_SCRIPT_SANDBOXING = YES;
				GCC_C_LANGUAGE_STANDARD = gnu17;
				GCC_NO_COMMON_BLOCKS = YES;
				GCC_WARN_64_TO_32_BIT_CONVERSION = YES;
				GCC_WARN_ABOUT_RETURN_TYPE = YES_ERROR;
				GCC_WARN_UNDECLARED_SELECTOR = YES;
				GCC_WARN_UNINITIALIZED_AUTOS = YES_AGGRESSIVE;
				GCC_WARN_UNUSED_FUNCTION = YES;
				GCC_WARN_UNUSED_VARIABLE = YES;
				IPHONEOS_DEPLOYMENT_TARGET = 17.0;
				LOCALIZATION_PREFERS_STRING_CATALOGS = YES;
				MTL_ENABLE_DEBUG_INFO = NO;
				MTL_FAST_MATH = YES;
				SDKROOT = iphoneos;
				SWIFT_COMPILATION_MODE = wholemodule;
				VALIDATE_PRODUCT = YES;
			};
			name = Release;
		};
		C1FC06892B546F7D004DD3CC /* Debug */ = {
			isa = XCBuildConfiguration;
			baseConfigurationReference = CDF30697573FDE4936A85835 /* Pods-TwitterClone.debug.xcconfig */;
			buildSettings = {
				ASSETCATALOG_COMPILER_APPICON_NAME = AppIcon;
				ASSETCATALOG_COMPILER_GLOBAL_ACCENT_COLOR_NAME = AccentColor;
				CODE_SIGN_STYLE = Automatic;
				CURRENT_PROJECT_VERSION = 1;
				DEVELOPMENT_TEAM = 74DKSPAFD4;
				ENABLE_USER_SCRIPT_SANDBOXING = NO;
				GENERATE_INFOPLIST_FILE = YES;
				INFOPLIST_FILE = TwitterClone/Info.plist;
				INFOPLIST_KEY_UIApplicationSupportsIndirectInputEvents = YES;
				INFOPLIST_KEY_UILaunchStoryboardName = LaunchScreen;
				INFOPLIST_KEY_UISupportedInterfaceOrientations_iPad = "UIInterfaceOrientationPortrait UIInterfaceOrientationPortraitUpsideDown UIInterfaceOrientationLandscapeLeft UIInterfaceOrientationLandscapeRight";
				INFOPLIST_KEY_UISupportedInterfaceOrientations_iPhone = "UIInterfaceOrientationPortrait UIInterfaceOrientationLandscapeLeft UIInterfaceOrientationLandscapeRight";
				LD_RUNPATH_SEARCH_PATHS = (
					"$(inherited)",
					"@executable_path/Frameworks",
				);
				MARKETING_VERSION = 1.0;
				PRODUCT_BUNDLE_IDENTIFIER = com.duduzoeras.TwitterClone;
				PRODUCT_NAME = "$(TARGET_NAME)";
				SWIFT_EMIT_LOC_STRINGS = YES;
				SWIFT_VERSION = 5.0;
				TARGETED_DEVICE_FAMILY = "1,2";
			};
			name = Debug;
		};
		C1FC068A2B546F7D004DD3CC /* Release */ = {
			isa = XCBuildConfiguration;
			baseConfigurationReference = FB2CF4C88CF8E85AC9C383C8 /* Pods-TwitterClone.release.xcconfig */;
			buildSettings = {
				ASSETCATALOG_COMPILER_APPICON_NAME = AppIcon;
				ASSETCATALOG_COMPILER_GLOBAL_ACCENT_COLOR_NAME = AccentColor;
				CODE_SIGN_STYLE = Automatic;
				CURRENT_PROJECT_VERSION = 1;
				DEVELOPMENT_TEAM = 74DKSPAFD4;
				ENABLE_USER_SCRIPT_SANDBOXING = NO;
				GENERATE_INFOPLIST_FILE = YES;
				INFOPLIST_FILE = TwitterClone/Info.plist;
				INFOPLIST_KEY_UIApplicationSupportsIndirectInputEvents = YES;
				INFOPLIST_KEY_UILaunchStoryboardName = LaunchScreen;
				INFOPLIST_KEY_UISupportedInterfaceOrientations_iPad = "UIInterfaceOrientationPortrait UIInterfaceOrientationPortraitUpsideDown UIInterfaceOrientationLandscapeLeft UIInterfaceOrientationLandscapeRight";
				INFOPLIST_KEY_UISupportedInterfaceOrientations_iPhone = "UIInterfaceOrientationPortrait UIInterfaceOrientationLandscapeLeft UIInterfaceOrientationLandscapeRight";
				LD_RUNPATH_SEARCH_PATHS = (
					"$(inherited)",
					"@executable_path/Frameworks",
				);
				MARKETING_VERSION = 1.0;
				PRODUCT_BUNDLE_IDENTIFIER = com.duduzoeras.TwitterClone;
				PRODUCT_NAME = "$(TARGET_NAME)";
				SWIFT_EMIT_LOC_STRINGS = YES;
				SWIFT_VERSION = 5.0;
				TARGETED_DEVICE_FAMILY = "1,2";
			};
			name = Release;
		};
/* End XCBuildConfiguration section */

/* Begin XCConfigurationList section */
		C1FC066F2B546F7C004DD3CC /* Build configuration list for PBXProject "TwitterClone" */ = {
			isa = XCConfigurationList;
			buildConfigurations = (
				C1FC06862B546F7D004DD3CC /* Debug */,
				C1FC06872B546F7D004DD3CC /* Release */,
			);
			defaultConfigurationIsVisible = 0;
			defaultConfigurationName = Release;
		};
		C1FC06882B546F7D004DD3CC /* Build configuration list for PBXNativeTarget "TwitterClone" */ = {
			isa = XCConfigurationList;
			buildConfigurations = (
				C1FC06892B546F7D004DD3CC /* Debug */,
				C1FC068A2B546F7D004DD3CC /* Release */,
			);
			defaultConfigurationIsVisible = 0;
			defaultConfigurationName = Release;
		};
/* End XCConfigurationList section */
	};
	rootObject = C1FC066C2B546F7C004DD3CC /* Project object */;
}
